
Microsoft Visual Studio Solution File, Format Version 12.00
# Visual Studio Version 17
VisualStudioVersion = 17.14.36429.23 d17.14
MinimumVisualStudioVersion = 10.0.40219.1
Project("{FAE04EC0-301F-11D3-BF4B-00C04F79EFBC}") = "Program5", "Program5.csproj", "{17D1B794-FD28-49DF-9D09-C7A6654059AB}"
EndProject
Global
	GlobalSection(SolutionConfigurationPlatforms) = preSolution
		Debug|Any CPU = Debug|Any CPU
		Release|Any CPU = Release|Any CPU
	EndGlobalSection
	GlobalSection(ProjectConfigurationPlatforms) = postSolution
		{17D1B794-FD28-49DF-9D09-C7A6654059AB}.Debug|Any CPU.ActiveCfg = Debug|Any CPU
		{17D1B794-FD28-49DF-9D09-C7A6654059AB}.Debug|Any CPU.Build.0 = Debug|Any CPU
		{17D1B794-FD28-49DF-9D09-C7A6654059AB}.Release|Any CPU.ActiveCfg = Release|Any CPU
		{17D1B794-FD28-49DF-9D09-C7A6654059AB}.Release|Any CPU.Build.0 = Release|Any CPU
	EndGlobalSection
	GlobalSection(SolutionProperties) = preSolution
		HideSolutionNode = FALSE
	EndGlobalSection
	GlobalSection(ExtensibilityGlobals) = postSolution
		SolutionGuid = {B8C995FE-C3C5-4E42-B66C-9863F8D6BFEB}
	EndGlobalSection
EndGlobal
